
Microsoft Visual Studio Solution File, Format Version 12.00
# Visual Studio Version 17
VisualStudioVersion = 17.8.34525.116
MinimumVisualStudioVersion = 10.0.40219.1
Project("{FAE04EC0-301F-11D3-BF4B-00C04F79EFBC}") = "RESTapi", "RESTapi.csproj", "{B7AEE629-BDB2-4731-8990-0B6E8FDCEF33}"
EndProject
Global
	GlobalSection(SolutionConfigurationPlatforms) = preSolution
		Debug|Any CPU = Debug|Any CPU
		Release|Any CPU = Release|Any CPU
	EndGlobalSection
	GlobalSection(ProjectConfigurationPlatforms) = postSolution
		{B7AEE629-BDB2-4731-8990-0B6E8FDCEF33}.Debug|Any CPU.ActiveCfg = Debug|Any CPU
		{B7AEE629-BDB2-4731-8990-0B6E8FDCEF33}.Debug|Any CPU.Build.0 = Debug|Any CPU
		{B7AEE629-BDB2-4731-8990-0B6E8FDCEF33}.Release|Any CPU.ActiveCfg = Release|Any CPU
		{B7AEE629-BDB2-4731-8990-0B6E8FDCEF33}.Release|Any CPU.Build.0 = Release|Any CPU
	EndGlobalSection
	GlobalSection(SolutionProperties) = preSolution
		HideSolutionNode = FALSE
	EndGlobalSection
	GlobalSection(ExtensibilityGlobals) = postSolution
		SolutionGuid = {97523AB7-BFF7-43E6-ABF8-CEEEF76F8759}
	EndGlobalSection
EndGlobal
